
Microsoft Visual Studio Solution File, Format Version 12.00
Project("{2150E333-8FDC-42A3-9474-1A3956D46DE8}") = "src", "src", "{05B1D305-5E31-4C3B-8FE1-A09B419E7B41}"
EndProject
Project("{2150E333-8FDC-42A3-9474-1A3956D46DE8}") = "tests", "tests", "{DA882EEE-3236-46A3-8F7B-2ABFD6C40553}"
EndProject
Project("{FAE04EC0-301F-11D3-BF4B-00C04F79EFBC}") = "Webapia.Api", "Webapia.Api\Webapia.Api.csproj", "{B0C72F69-7964-4106-B828-7D9550C82487}"
EndProject
Project("{FAE04EC0-301F-11D3-BF4B-00C04F79EFBC}") = "Webapia.Domain", "Webapia.Domain\Webapia.Domain.csproj", "{158A499E-394D-4198-8135-E07B57DEC220}"
EndProject
Project("{FAE04EC0-301F-11D3-BF4B-00C04F79EFBC}") = "Webapia.Application", "Webapia.Application\Webapia.Application.csproj", "{A6A4E5CF-1956-4076-B567-F6A4811E5AC1}"
EndProject
Project("{FAE04EC0-301F-11D3-BF4B-00C04F79EFBC}") = "Webapia.Infrastructure", "Webapia.Infrastructure\Webapia.Infrastructure.csproj", "{E761E333-3433-4AEF-8455-8B2EE32D1F57}"
EndProject
Project("{FAE04EC0-301F-11D3-BF4B-00C04F79EFBC}") = "Webapia.Domain.UnitTests", "Webapia.Domain.UnitTests\Webapia.Domain.UnitTests.csproj", "{BBAA9E95-803C-4E63-AD46-3B18516BFC7A}"
EndProject
Project("{FAE04EC0-301F-11D3-BF4B-00C04F79EFBC}") = "Webapia.Application.UnitTests", "Webapia.Application.UnitTests\Webapia.Application.UnitTests.csproj", "{E68CDE94-71CB-41DA-A23A-6C9A11965B19}"
EndProject
Project("{FAE04EC0-301F-11D3-BF4B-00C04F79EFBC}") = "Webapia.Api.UnitTests", "Webapia.Api.UnitTests\Webapia.Api.UnitTests.csproj", "{9C6B1B88-E339-4FDE-B16D-51DF7CB82606}"
EndProject
Project("{FAE04EC0-301F-11D3-BF4B-00C04F79EFBC}") = "Webapia.TestCommon", "Webapia.TestCommon\Webapia.TestCommon.csproj", "{004D6F70-B75F-4520-B79E-30D18CDD2C5E}"
EndProject
Global
	GlobalSection(SolutionConfigurationPlatforms) = preSolution
		Debug|Any CPU = Debug|Any CPU
		Release|Any CPU = Release|Any CPU
	EndGlobalSection
	GlobalSection(ProjectConfigurationPlatforms) = postSolution
		{B0C72F69-7964-4106-B828-7D9550C82487}.Debug|Any CPU.ActiveCfg = Debug|Any CPU
		{B0C72F69-7964-4106-B828-7D9550C82487}.Debug|Any CPU.Build.0 = Debug|Any CPU
		{B0C72F69-7964-4106-B828-7D9550C82487}.Release|Any CPU.ActiveCfg = Release|Any CPU
		{B0C72F69-7964-4106-B828-7D9550C82487}.Release|Any CPU.Build.0 = Release|Any CPU
		{158A499E-394D-4198-8135-E07B57DEC220}.Debug|Any CPU.ActiveCfg = Debug|Any CPU
		{158A499E-394D-4198-8135-E07B57DEC220}.Debug|Any CPU.Build.0 = Debug|Any CPU
		{158A499E-394D-4198-8135-E07B57DEC220}.Release|Any CPU.ActiveCfg = Release|Any CPU
		{158A499E-394D-4198-8135-E07B57DEC220}.Release|Any CPU.Build.0 = Release|Any CPU
		{A6A4E5CF-1956-4076-B567-F6A4811E5AC1}.Debug|Any CPU.ActiveCfg = Debug|Any CPU
		{A6A4E5CF-1956-4076-B567-F6A4811E5AC1}.Debug|Any CPU.Build.0 = Debug|Any CPU
		{A6A4E5CF-1956-4076-B567-F6A4811E5AC1}.Release|Any CPU.ActiveCfg = Release|Any CPU
		{A6A4E5CF-1956-4076-B567-F6A4811E5AC1}.Release|Any CPU.Build.0 = Release|Any CPU
		{E761E333-3433-4AEF-8455-8B2EE32D1F57}.Debug|Any CPU.ActiveCfg = Debug|Any CPU
		{E761E333-3433-4AEF-8455-8B2EE32D1F57}.Debug|Any CPU.Build.0 = Debug|Any CPU
		{E761E333-3433-4AEF-8455-8B2EE32D1F57}.Release|Any CPU.ActiveCfg = Release|Any CPU
		{E761E333-3433-4AEF-8455-8B2EE32D1F57}.Release|Any CPU.Build.0 = Release|Any CPU
		{BBAA9E95-803C-4E63-AD46-3B18516BFC7A}.Debug|Any CPU.ActiveCfg = Debug|Any CPU
		{BBAA9E95-803C-4E63-AD46-3B18516BFC7A}.Debug|Any CPU.Build.0 = Debug|Any CPU
		{BBAA9E95-803C-4E63-AD46-3B18516BFC7A}.Release|Any CPU.ActiveCfg = Release|Any CPU
		{BBAA9E95-803C-4E63-AD46-3B18516BFC7A}.Release|Any CPU.Build.0 = Release|Any CPU
		{E68CDE94-71CB-41DA-A23A-6C9A11965B19}.Debug|Any CPU.ActiveCfg = Debug|Any CPU
		{E68CDE94-71CB-41DA-A23A-6C9A11965B19}.Debug|Any CPU.Build.0 = Debug|Any CPU
		{E68CDE94-71CB-41DA-A23A-6C9A11965B19}.Release|Any CPU.ActiveCfg = Release|Any CPU
		{E68CDE94-71CB-41DA-A23A-6C9A11965B19}.Release|Any CPU.Build.0 = Release|Any CPU
		{9C6B1B88-E339-4FDE-B16D-51DF7CB82606}.Debug|Any CPU.ActiveCfg = Debug|Any CPU
		{9C6B1B88-E339-4FDE-B16D-51DF7CB82606}.Debug|Any CPU.Build.0 = Debug|Any CPU
		{9C6B1B88-E339-4FDE-B16D-51DF7CB82606}.Release|Any CPU.ActiveCfg = Release|Any CPU
		{9C6B1B88-E339-4FDE-B16D-51DF7CB82606}.Release|Any CPU.Build.0 = Release|Any CPU
		{004D6F70-B75F-4520-B79E-30D18CDD2C5E}.Debug|Any CPU.ActiveCfg = Debug|Any CPU
		{004D6F70-B75F-4520-B79E-30D18CDD2C5E}.Debug|Any CPU.Build.0 = Debug|Any CPU
		{004D6F70-B75F-4520-B79E-30D18CDD2C5E}.Release|Any CPU.ActiveCfg = Release|Any CPU
		{004D6F70-B75F-4520-B79E-30D18CDD2C5E}.Release|Any CPU.Build.0 = Release|Any CPU
	EndGlobalSection
	GlobalSection(NestedProjects) = preSolution
		{158A499E-394D-4198-8135-E07B57DEC220} = {05B1D305-5E31-4C3B-8FE1-A09B419E7B41}
		{A6A4E5CF-1956-4076-B567-F6A4811E5AC1} = {05B1D305-5E31-4C3B-8FE1-A09B419E7B41}
		{E761E333-3433-4AEF-8455-8B2EE32D1F57} = {05B1D305-5E31-4C3B-8FE1-A09B419E7B41}
		{B0C72F69-7964-4106-B828-7D9550C82487} = {05B1D305-5E31-4C3B-8FE1-A09B419E7B41}
		{BBAA9E95-803C-4E63-AD46-3B18516BFC7A} = {DA882EEE-3236-46A3-8F7B-2ABFD6C40553}
		{E68CDE94-71CB-41DA-A23A-6C9A11965B19} = {DA882EEE-3236-46A3-8F7B-2ABFD6C40553}
		{9C6B1B88-E339-4FDE-B16D-51DF7CB82606} = {DA882EEE-3236-46A3-8F7B-2ABFD6C40553}
		{004D6F70-B75F-4520-B79E-30D18CDD2C5E} = {DA882EEE-3236-46A3-8F7B-2ABFD6C40553}
	EndGlobalSection
EndGlobal
